{
  "name": "journalApp",
  "lockfileVersion": 3,
  "requires": true,
  "packages": {
    "": {
      "dependencies": {
        "embla-carousel-wheel-gestures": "^8.1.0"
      }
    },
    "node_modules/embla-carousel": {
      "version": "8.6.0",
      "resolved": "https://registry.npmjs.org/embla-carousel/-/embla-carousel-8.6.0.tgz",
      "integrity": "sha512-SjWyZBHJPbqxHOzckOfo8lHisEaJWmwd23XppYFYVh10bU66/Pn5tkVkbkCMZVdbUE5eTCI2nD8OyIP4Z+uwkA==",
      "license": "MIT",
      "peer": true
    },
    "node_modules/embla-carousel-wheel-gestures": {
      "version": "8.1.0",
      "resolved": "https://registry.npmjs.org/embla-carousel-wheel-gestures/-/embla-carousel-wheel-gestures-8.1.0.tgz",
      "integrity": "sha512-J68jkYrxbWDmXOm2n2YHl+uMEXzkGSKjWmjaEgL9xVvPb3HqVmg6rJSKfI3sqIDVvm7mkeTy87wtG/5263XqHQ==",
      "license": "MIT",
      "dependencies": {
        "wheel-gestures": "^2.2.5"
      },
      "engines": {
        "node": ">=10"
      },
      "peerDependencies": {
        "embla-carousel": "^8.0.0 || ~8.0.0-rc03"
      }
    },
    "node_modules/wheel-gestures": {
      "version": "2.2.48",
      "resolved": "https://registry.npmjs.org/wheel-gestures/-/wheel-gestures-2.2.48.tgz",
      "integrity": "sha512-f+Gy33Oa5Z14XY9679Zze+7VFhbsQfBFXodnU2x589l4kxGM9L5Y8zETTmcMR5pWOPQyRv4Z0lNax6xCO0NSlA==",
      "license": "MIT",
      "engines": {
        "node": ">=18"
      }
    }
  }
}
